// !$*UTF8*$!
{
	archiveVersion = 1;
	classes = {
	};
	objectVersion = 45;
	objects = {

/* Begin PBXBuildFile section */
		1D3623260D0F684500981E51 /* gles1AppDelegate.m in Sources */ = {isa = PBXBuildFile; fileRef = 1D3623250D0F684500981E51 /* gles1AppDelegate.m */; };
		1D60589B0D05DD56006BFB54 /* main.m in Sources */ = {isa = PBXBuildFile; fileRef = 29B97316FDCFA39411CA2CEA /* main.m */; };
		1D60589F0D05DD5A006BFB54 /* Foundation.framework in Frameworks */ = {isa = PBXBuildFile; fileRef = 1D30AB110D05D00D00671497 /* Foundation.framework */; };
		1DF5F4E00D08C38300B7A737 /* UIKit.framework in Frameworks */ = {isa = PBXBuildFile; fileRef = 1DF5F4DF0D08C38300B7A737 /* UIKit.framework */; };
		2514C27210084DB100A42282 /* ES1Renderer.m in Sources */ = {isa = PBXBuildFile; fileRef = 2514C26E10084DB100A42282 /* ES1Renderer.m */; };
		2514C27310084DB100A42282 /* ES2Renderer.m in Sources */ = {isa = PBXBuildFile; fileRef = 2514C27010084DB100A42282 /* ES2Renderer.m */; };
		2514C27B10084DCA00A42282 /* toon.fsh in Resources */ = {isa = PBXBuildFile; fileRef = 2514C27910084DCA00A42282 /* toon.fsh */; };
		2514C27C10084DCA00A42282 /* toon.vsh in Resources */ = {isa = PBXBuildFile; fileRef = 2514C27A10084DCA00A42282 /* toon.vsh */; };
		28AD733F0D9D9553002E5188 /* MainWindow.xib in Resources */ = {isa = PBXBuildFile; fileRef = 28AD733E0D9D9553002E5188 /* MainWindow.xib */; };
		28FD14FE0DC6FC130079059D /* EAGLView.m in Sources */ = {isa = PBXBuildFile; fileRef = 28FD14FD0DC6FC130079059D /* EAGLView.m */; };
		28FD15000DC6FC520079059D /* OpenGLES.framework in Frameworks */ = {isa = PBXBuildFile; fileRef = 28FD14FF0DC6FC520079059D /* OpenGLES.framework */; };
		28FD15080DC6FC5B0079059D /* QuartzCore.framework in Frameworks */ = {isa = PBXBuildFile; fileRef = 28FD15070DC6FC5B0079059D /* QuartzCore.framework */; };
		AD3A4D25121EDA030002FFC9 /* texture.png in Resources */ = {isa = PBXBuildFile; fileRef = AD3A4D24121EDA030002FFC9 /* texture.png */; };
		AD3A4D55121EDCDD0002FFC9 /* CoreGraphics.framework in Frameworks */ = {isa = PBXBuildFile; fileRef = AD3A4D54121EDCDD0002FFC9 /* CoreGraphics.framework */; };
		AD6232B21248FFF300150D8B /* texture.fsh in Resources */ = {isa = PBXBuildFile; fileRef = AD6232B11248FFF300150D8B /* texture.fsh */; };
		AD6232B41249000300150D8B /* texture.vsh in Resources */ = {isa = PBXBuildFile; fileRef = AD6232B31249000300150D8B /* texture.vsh */; };
		AD6A667A124A321100CBB664 /* light_texture.fsh in Resources */ = {isa = PBXBuildFile; fileRef = AD6A6679124A321100CBB664 /* light_texture.fsh */; };
		AD6A667C124A321A00CBB664 /* light_texture.vsh in Resources */ = {isa = PBXBuildFile; fileRef = AD6A667B124A321A00CBB664 /* light_texture.vsh */; };
		AD6A66D5124A427D00CBB664 /* modulate.vsh in Resources */ = {isa = PBXBuildFile; fileRef = AD6A66D4124A427D00CBB664 /* modulate.vsh */; };
		AD6A66D7124A428800CBB664 /* modulate.fsh in Resources */ = {isa = PBXBuildFile; fileRef = AD6A66D6124A428800CBB664 /* modulate.fsh */; };
		AD82423B1243D577005B401F /* color.fsh in Resources */ = {isa = PBXBuildFile; fileRef = AD8242371243D577005B401F /* color.fsh */; };
		AD82423C1243D577005B401F /* color.vsh in Resources */ = {isa = PBXBuildFile; fileRef = AD8242381243D577005B401F /* color.vsh */; };
		AD82423D1243D577005B401F /* light.fsh in Resources */ = {isa = PBXBuildFile; fileRef = AD8242391243D577005B401F /* light.fsh */; };
		AD82423E1243D577005B401F /* light.vsh in Resources */ = {isa = PBXBuildFile; fileRef = AD82423A1243D577005B401F /* light.vsh */; };
		ADB02BF11264AA40001398B6 /* texture1.png in Resources */ = {isa = PBXBuildFile; fileRef = ADB02BF01264AA40001398B6 /* texture1.png */; };
/* End PBXBuildFile section */

/* Begin PBXCopyFilesBuildPhase section */
		AD05A5CD1244C8EC009B0242 /* CopyFiles */ = {
			isa = PBXCopyFilesBuildPhase;
			buildActionMask = 2147483647;
			dstPath = "";
			dstSubfolderSpec = 7;
			files = (
			);
			runOnlyForDeploymentPostprocessing = 0;
		};
/* End PBXCopyFilesBuildPhase section */

/* Begin PBXFileReference section */
		1D30AB110D05D00D00671497 /* Foundation.framework */ = {isa = PBXFileReference; lastKnownFileType = wrapper.framework; name = Foundation.framework; path = System/Library/Frameworks/Foundation.framework; sourceTree = SDKROOT; };
		1D3623240D0F684500981E51 /* gles1AppDelegate.h */ = {isa = PBXFileReference; fileEncoding = 4; lastKnownFileType = sourcecode.c.h; path = gles1AppDelegate.h; sourceTree = "<group>"; };
		1D3623250D0F684500981E51 /* gles1AppDelegate.m */ = {isa = PBXFileReference; fileEncoding = 4; lastKnownFileType = sourcecode.c.objc; path = gles1AppDelegate.m; sourceTree = "<group>"; };
		1D6058910D05DD3D006BFB54 /* gles1.app */ = {isa = PBXFileReference; explicitFileType = wrapper.application; includeInIndex = 0; path = gles1.app; sourceTree = BUILT_PRODUCTS_DIR; };
		1DF5F4DF0D08C38300B7A737 /* UIKit.framework */ = {isa = PBXFileReference; lastKnownFileType = wrapper.framework; name = UIKit.framework; path = System/Library/Frameworks/UIKit.framework; sourceTree = SDKROOT; };
		2514C26D10084DB100A42282 /* ES1Renderer.h */ = {isa = PBXFileReference; fileEncoding = 4; lastKnownFileType = sourcecode.c.h; path = ES1Renderer.h; sourceTree = "<group>"; };
		2514C26E10084DB100A42282 /* ES1Renderer.m */ = {isa = PBXFileReference; fileEncoding = 4; lastKnownFileType = sourcecode.c.objc; path = ES1Renderer.m; sourceTree = "<group>"; };
		2514C26F10084DB100A42282 /* ES2Renderer.h */ = {isa = PBXFileReference; fileEncoding = 4; lastKnownFileType = sourcecode.c.h; path = ES2Renderer.h; sourceTree = "<group>"; };
		2514C27010084DB100A42282 /* ES2Renderer.m */ = {isa = PBXFileReference; fileEncoding = 4; lastKnownFileType = sourcecode.c.objc; path = ES2Renderer.m; sourceTree = "<group>"; };
		2514C27110084DB100A42282 /* ESRenderer.h */ = {isa = PBXFileReference; fileEncoding = 4; lastKnownFileType = sourcecode.c.h; path = ESRenderer.h; sourceTree = "<group>"; };
		2514C27910084DCA00A42282 /* toon.fsh */ = {isa = PBXFileReference; fileEncoding = 4; lastKnownFileType = sourcecode.glsl; name = toon.fsh; path = Shaders/toon.fsh; sourceTree = "<group>"; };
		2514C27A10084DCA00A42282 /* toon.vsh */ = {isa = PBXFileReference; fileEncoding = 4; lastKnownFileType = sourcecode.glsl; name = toon.vsh; path = Shaders/toon.vsh; sourceTree = "<group>"; };
		28AD733E0D9D9553002E5188 /* MainWindow.xib */ = {isa = PBXFileReference; lastKnownFileType = file.xib; path = MainWindow.xib; sourceTree = "<group>"; };
		28FD14FC0DC6FC130079059D /* EAGLView.h */ = {isa = PBXFileReference; fileEncoding = 4; lastKnownFileType = sourcecode.c.h; path = EAGLView.h; sourceTree = "<group>"; };
		28FD14FD0DC6FC130079059D /* EAGLView.m */ = {isa = PBXFileReference; fileEncoding = 4; lastKnownFileType = sourcecode.c.objc; path = EAGLView.m; sourceTree = "<group>"; };
		28FD14FF0DC6FC520079059D /* OpenGLES.framework */ = {isa = PBXFileReference; lastKnownFileType = wrapper.framework; name = OpenGLES.framework; path = System/Library/Frameworks/OpenGLES.framework; sourceTree = SDKROOT; };
		28FD15070DC6FC5B0079059D /* QuartzCore.framework */ = {isa = PBXFileReference; lastKnownFileType = wrapper.framework; name = QuartzCore.framework; path = System/Library/Frameworks/QuartzCore.framework; sourceTree = SDKROOT; };
		29B97316FDCFA39411CA2CEA /* main.m */ = {isa = PBXFileReference; fileEncoding = 4; lastKnownFileType = sourcecode.c.objc; path = main.m; sourceTree = "<group>"; };
		32CA4F630368D1EE00C91783 /* gles1_Prefix.pch */ = {isa = PBXFileReference; fileEncoding = 4; lastKnownFileType = sourcecode.c.h; path = gles1_Prefix.pch; sourceTree = "<group>"; };
		8D1107310486CEB800E47090 /* gles1-Info.plist */ = {isa = PBXFileReference; fileEncoding = 4; lastKnownFileType = text.plist.xml; path = "gles1-Info.plist"; plistStructureDefinitionIdentifier = "com.apple.xcode.plist.structure-definition.iphone.info-plist"; sourceTree = "<group>"; };
		AD1B7DA31226CD4D00920623 /* opengl_meshes.h */ = {isa = PBXFileReference; fileEncoding = 4; lastKnownFileType = sourcecode.c.h; path = opengl_meshes.h; sourceTree = "<group>"; };
		AD3A4D24121EDA030002FFC9 /* texture.png */ = {isa = PBXFileReference; lastKnownFileType = image.png; path = texture.png; sourceTree = "<group>"; };
		AD3A4D54121EDCDD0002FFC9 /* CoreGraphics.framework */ = {isa = PBXFileReference; lastKnownFileType = wrapper.framework; name = CoreGraphics.framework; path = System/Library/Frameworks/CoreGraphics.framework; sourceTree = SDKROOT; };
		AD4D038E12539DC900DF5F73 /* inc.h */ = {isa = PBXFileReference; fileEncoding = 4; lastKnownFileType = sourcecode.c.h; name = inc.h; path = opengl_common/inc.h; sourceTree = "<group>"; };
		AD4D039712539E5100DF5F73 /* base.h */ = {isa = PBXFileReference; fileEncoding = 4; lastKnownFileType = sourcecode.c.h; name = base.h; path = opengl_common/base.h; sourceTree = "<group>"; };
		AD4D03AD1253A48900DF5F73 /* transform.h */ = {isa = PBXFileReference; fileEncoding = 4; lastKnownFileType = sourcecode.c.h; name = transform.h; path = opengl_common/transform.h; sourceTree = "<group>"; };
		AD4D03B01253B12500DF5F73 /* mesh.h */ = {isa = PBXFileReference; fileEncoding = 4; lastKnownFileType = sourcecode.c.h; name = mesh.h; path = opengl_common/mesh.h; sourceTree = "<group>"; };
		AD4D03B11253B17A00DF5F73 /* light.h */ = {isa = PBXFileReference; fileEncoding = 4; lastKnownFileType = sourcecode.c.h; name = light.h; path = opengl_common/light.h; sourceTree = "<group>"; };
		AD4D03EE1254C42500DF5F73 /* meshes.h */ = {isa = PBXFileReference; fileEncoding = 4; lastKnownFileType = sourcecode.c.h; name = meshes.h; path = opengl_common/meshes.h; sourceTree = "<group>"; };
		AD6232B11248FFF300150D8B /* texture.fsh */ = {isa = PBXFileReference; fileEncoding = 4; lastKnownFileType = sourcecode.glsl; path = texture.fsh; sourceTree = "<group>"; };
		AD6232B31249000300150D8B /* texture.vsh */ = {isa = PBXFileReference; fileEncoding = 4; lastKnownFileType = sourcecode.glsl; path = texture.vsh; sourceTree = "<group>"; };
		AD6A6679124A321100CBB664 /* light_texture.fsh */ = {isa = PBXFileReference; fileEncoding = 4; lastKnownFileType = sourcecode.glsl; name = light_texture.fsh; path = Shaders/light_texture.fsh; sourceTree = "<group>"; };
		AD6A667B124A321A00CBB664 /* light_texture.vsh */ = {isa = PBXFileReference; fileEncoding = 4; lastKnownFileType = sourcecode.glsl; name = light_texture.vsh; path = Shaders/light_texture.vsh; sourceTree = "<group>"; };
		AD6A66D4124A427D00CBB664 /* modulate.vsh */ = {isa = PBXFileReference; fileEncoding = 4; lastKnownFileType = sourcecode.glsl; name = modulate.vsh; path = Shaders/modulate.vsh; sourceTree = "<group>"; };
		AD6A66D6124A428800CBB664 /* modulate.fsh */ = {isa = PBXFileReference; fileEncoding = 4; lastKnownFileType = sourcecode.glsl; name = modulate.fsh; path = Shaders/modulate.fsh; sourceTree = "<group>"; };
		AD8242371243D577005B401F /* color.fsh */ = {isa = PBXFileReference; fileEncoding = 4; lastKnownFileType = sourcecode.glsl; name = color.fsh; path = Shaders/color.fsh; sourceTree = "<group>"; };
		AD8242381243D577005B401F /* color.vsh */ = {isa = PBXFileReference; fileEncoding = 4; lastKnownFileType = sourcecode.glsl; name = color.vsh; path = Shaders/color.vsh; sourceTree = "<group>"; };
		AD8242391243D577005B401F /* light.fsh */ = {isa = PBXFileReference; fileEncoding = 4; lastKnownFileType = sourcecode.glsl; name = light.fsh; path = Shaders/light.fsh; sourceTree = "<group>"; };
		AD82423A1243D577005B401F /* light.vsh */ = {isa = PBXFileReference; fileEncoding = 4; lastKnownFileType = sourcecode.glsl; name = light.vsh; path = Shaders/light.vsh; sourceTree = "<group>"; };
		ADA89E0C1223D16D00A141EF /* opengl_common_2.h */ = {isa = PBXFileReference; fileEncoding = 4; lastKnownFileType = sourcecode.c.h; path = opengl_common_2.h; sourceTree = "<group>"; };
		ADB02BF01264AA40001398B6 /* texture1.png */ = {isa = PBXFileReference; lastKnownFileType = image.png; path = texture1.png; sourceTree = "<group>"; };
		ADCB4DB7120F0D51004A0A5A /* opengl_common_1.h */ = {isa = PBXFileReference; fileEncoding = 4; lastKnownFileType = sourcecode.c.h; path = opengl_common_1.h; sourceTree = "<group>"; };
/* End PBXFileReference section */

/* Begin PBXFrameworksBuildPhase section */
		1D60588F0D05DD3D006BFB54 /* Frameworks */ = {
			isa = PBXFrameworksBuildPhase;
			buildActionMask = 2147483647;
			files = (
				1D60589F0D05DD5A006BFB54 /* Foundation.framework in Frameworks */,
				1DF5F4E00D08C38300B7A737 /* UIKit.framework in Frameworks */,
				28FD15000DC6FC520079059D /* OpenGLES.framework in Frameworks */,
				28FD15080DC6FC5B0079059D /* QuartzCore.framework in Frameworks */,
				AD3A4D55121EDCDD0002FFC9 /* CoreGraphics.framework in Frameworks */,
			);
			runOnlyForDeploymentPostprocessing = 0;
		};
/* End PBXFrameworksBuildPhase section */

/* Begin PBXGroup section */
		080E96DDFE201D6D7F000001 /* Classes */ = {
			isa = PBXGroup;
			children = (
				AD4D038D12539D1E00DF5F73 /* opengl_common */,
				2514C26D10084DB100A42282 /* ES1Renderer.h */,
				2514C26E10084DB100A42282 /* ES1Renderer.m */,
				2514C26F10084DB100A42282 /* ES2Renderer.h */,
				2514C27010084DB100A42282 /* ES2Renderer.m */,
				2514C27110084DB100A42282 /* ESRenderer.h */,
				28FD14FC0DC6FC130079059D /* EAGLView.h */,
				28FD14FD0DC6FC130079059D /* EAGLView.m */,
				ADCB4DB7120F0D51004A0A5A /* opengl_common_1.h */,
				ADA89E0C1223D16D00A141EF /* opengl_common_2.h */,
				AD1B7DA31226CD4D00920623 /* opengl_meshes.h */,
				1D3623240D0F684500981E51 /* gles1AppDelegate.h */,
				1D3623250D0F684500981E51 /* gles1AppDelegate.m */,
			);
			path = Classes;
			sourceTree = "<group>";
		};
		19C28FACFE9D520D11CA2CBB /* Products */ = {
			isa = PBXGroup;
			children = (
				1D6058910D05DD3D006BFB54 /* gles1.app */,
			);
			name = Products;
			sourceTree = "<group>";
		};
		2514C27610084DB600A42282 /* Shaders */ = {
			isa = PBXGroup;
			children = (
				AD6A66D6124A428800CBB664 /* modulate.fsh */,
				AD6A66D4124A427D00CBB664 /* modulate.vsh */,
				AD6A6679124A321100CBB664 /* light_texture.fsh */,
				AD6A667B124A321A00CBB664 /* light_texture.vsh */,
				AD6232B11248FFF300150D8B /* texture.fsh */,
				AD6232B31249000300150D8B /* texture.vsh */,
				2514C27910084DCA00A42282 /* toon.fsh */,
				2514C27A10084DCA00A42282 /* toon.vsh */,
				AD8242371243D577005B401F /* color.fsh */,
				AD8242381243D577005B401F /* color.vsh */,
				AD8242391243D577005B401F /* light.fsh */,
				AD82423A1243D577005B401F /* light.vsh */,
			);
			name = Shaders;
			sourceTree = "<group>";
		};
		29B97314FDCFA39411CA2CEA /* CustomTemplate */ = {
			isa = PBXGroup;
			children = (
				080E96DDFE201D6D7F000001 /* Classes */,
				2514C27610084DB600A42282 /* Shaders */,
				29B97315FDCFA39411CA2CEA /* Other Sources */,
				29B97317FDCFA39411CA2CEA /* Resources */,
				29B97323FDCFA39411CA2CEA /* Frameworks */,
				19C28FACFE9D520D11CA2CBB /* Products */,
			);
			name = CustomTemplate;
			sourceTree = "<group>";
		};
		29B97315FDCFA39411CA2CEA /* Other Sources */ = {
			isa = PBXGroup;
			children = (
				32CA4F630368D1EE00C91783 /* gles1_Prefix.pch */,
				29B97316FDCFA39411CA2CEA /* main.m */,
			);
			name = "Other Sources";
			sourceTree = "<group>";
		};
		29B97317FDCFA39411CA2CEA /* Resources */ = {
			isa = PBXGroup;
			children = (
				AD3A4D24121EDA030002FFC9 /* texture.png */,
				ADB02BF01264AA40001398B6 /* texture1.png */,
				28AD733E0D9D9553002E5188 /* MainWindow.xib */,
				8D1107310486CEB800E47090 /* gles1-Info.plist */,
			);
			name = Resources;
			sourceTree = "<group>";
		};
		29B97323FDCFA39411CA2CEA /* Frameworks */ = {
			isa = PBXGroup;
			children = (
				AD3A4D54121EDCDD0002FFC9 /* CoreGraphics.framework */,
				28FD15070DC6FC5B0079059D /* QuartzCore.framework */,
				28FD14FF0DC6FC520079059D /* OpenGLES.framework */,
				1DF5F4DF0D08C38300B7A737 /* UIKit.framework */,
				1D30AB110D05D00D00671497 /* Foundation.framework */,
			);
			name = Frameworks;
			sourceTree = "<group>";
		};
		AD4D038D12539D1E00DF5F73 /* opengl_common */ = {
			isa = PBXGroup;
			children = (
				AD4D038E12539DC900DF5F73 /* inc.h */,
				AD4D039712539E5100DF5F73 /* base.h */,
				AD4D03AD1253A48900DF5F73 /* transform.h */,
				AD4D03B11253B17A00DF5F73 /* light.h */,
				AD4D03B01253B12500DF5F73 /* mesh.h */,
				AD4D03EE1254C42500DF5F73 /* meshes.h */,
			);
			name = opengl_common;
			sourceTree = "<group>";
		};
/* End PBXGroup section */

/* Begin PBXNativeTarget section */
		1D6058900D05DD3D006BFB54 /* gles1 */ = {
			isa = PBXNativeTarget;
			buildConfigurationList = 1D6058960D05DD3E006BFB54 /* Build configuration list for PBXNativeTarget "gles1" */;
			buildPhases = (
				1D60588D0D05DD3D006BFB54 /* Resources */,
				1D60588E0D05DD3D006BFB54 /* Sources */,
				1D60588F0D05DD3D006BFB54 /* Frameworks */,
				AD05A5CD1244C8EC009B0242 /* CopyFiles */,
			);
			buildRules = (
			);
			dependencies = (
			);
			name = gles1;
			productName = gles1;
			productReference = 1D6058910D05DD3D006BFB54 /* gles1.app */;
			productType = "com.apple.product-type.application";
		};
/* End PBXNativeTarget section */

/* Begin PBXProject section */
		29B97313FDCFA39411CA2CEA /* Project object */ = {
			isa = PBXProject;
			buildConfigurationList = C01FCF4E08A954540054247B /* Build configuration list for PBXProject "gles1" */;
			compatibilityVersion = "Xcode 3.1";
			developmentRegion = English;
			hasScannedForEncodings = 1;
			knownRegions = (
				English,
				Japanese,
				French,
				German,
			);
			mainGroup = 29B97314FDCFA39411CA2CEA /* CustomTemplate */;
			projectDirPath = "";
			projectRoot = "";
			targets = (
				1D6058900D05DD3D006BFB54 /* gles1 */,
			);
		};
/* End PBXProject section */

/* Begin PBXResourcesBuildPhase section */
		1D60588D0D05DD3D006BFB54 /* Resources */ = {
			isa = PBXResourcesBuildPhase;
			buildActionMask = 2147483647;
			files = (
				AD6A66D7124A428800CBB664 /* modulate.fsh in Resources */,
				AD6A66D5124A427D00CBB664 /* modulate.vsh in Resources */,
				AD6A667C124A321A00CBB664 /* light_texture.vsh in Resources */,
				AD6A667A124A321100CBB664 /* light_texture.fsh in Resources */,
				2514C27B10084DCA00A42282 /* toon.fsh in Resources */,
				2514C27C10084DCA00A42282 /* toon.vsh in Resources */,
				AD82423B1243D577005B401F /* color.fsh in Resources */,
				AD82423C1243D577005B401F /* color.vsh in Resources */,
				AD82423D1243D577005B401F /* light.fsh in Resources */,
				AD82423E1243D577005B401F /* light.vsh in Resources */,
				AD6232B21248FFF300150D8B /* texture.fsh in Resources */,
				AD6232B41249000300150D8B /* texture.vsh in Resources */,
				28AD733F0D9D9553002E5188 /* MainWindow.xib in Resources */,
				AD3A4D25121EDA030002FFC9 /* texture.png in Resources */,
				ADB02BF11264AA40001398B6 /* texture1.png in Resources */,
			);
			runOnlyForDeploymentPostprocessing = 0;
		};
/* End PBXResourcesBuildPhase section */

/* Begin PBXSourcesBuildPhase section */
		1D60588E0D05DD3D006BFB54 /* Sources */ = {
			isa = PBXSourcesBuildPhase;
			buildActionMask = 2147483647;
			files = (
				1D60589B0D05DD56006BFB54 /* main.m in Sources */,
				1D3623260D0F684500981E51 /* gles1AppDelegate.m in Sources */,
				28FD14FE0DC6FC130079059D /* EAGLView.m in Sources */,
				2514C27210084DB100A42282 /* ES1Renderer.m in Sources */,
				2514C27310084DB100A42282 /* ES2Renderer.m in Sources */,
			);
			runOnlyForDeploymentPostprocessing = 0;
		};
/* End PBXSourcesBuildPhase section */

/* Begin XCBuildConfiguration section */
		1D6058940D05DD3E006BFB54 /* Debug */ = {
			isa = XCBuildConfiguration;
			buildSettings = {
				ALWAYS_SEARCH_USER_PATHS = NO;
				COPY_PHASE_STRIP = NO;
				GCC_DYNAMIC_NO_PIC = NO;
				GCC_OPTIMIZATION_LEVEL = 0;
				GCC_PRECOMPILE_PREFIX_HEADER = YES;
				GCC_PREFIX_HEADER = gles1_Prefix.pch;
				"GCC_THUMB_SUPPORT[arch=armv6]" = "";
				INFOPLIST_FILE = "gles1-Info.plist";
				PRODUCT_NAME = gles1;
			};
			name = Debug;
		};
		1D6058950D05DD3E006BFB54 /* Release */ = {
			isa = XCBuildConfiguration;
			buildSettings = {
				ALWAYS_SEARCH_USER_PATHS = NO;
				COPY_PHASE_STRIP = YES;
				GCC_PRECOMPILE_PREFIX_HEADER = YES;
				GCC_PREFIX_HEADER = gles1_Prefix.pch;
				"GCC_THUMB_SUPPORT[arch=armv6]" = "";
				INFOPLIST_FILE = "gles1-Info.plist";
				PRODUCT_NAME = gles1;
				VALIDATE_PRODUCT = YES;
			};
			name = Release;
		};
		C01FCF4F08A954540054247B /* Debug */ = {
			isa = XCBuildConfiguration;
			buildSettings = {
				ARCHS = "$(ARCHS_STANDARD_32_BIT)";
				"CODE_SIGN_IDENTITY[sdk=iphoneos*]" = "iPhone Developer";
				GCC_C_LANGUAGE_STANDARD = c99;
				GCC_PREPROCESSOR_DEFINITIONS = DEBUG;
				GCC_WARN_ABOUT_RETURN_TYPE = YES;
				GCC_WARN_UNUSED_VARIABLE = YES;
				PREBINDING = NO;
				SDKROOT = iphonesimulator4.1;
			};
			name = Debug;
		};
		C01FCF5008A954540054247B /* Release */ = {
			isa = XCBuildConfiguration;
			buildSettings = {
				ARCHS = "$(ARCHS_STANDARD_32_BIT)";
				"CODE_SIGN_IDENTITY[sdk=iphoneos*]" = "iPhone Developer";
				GCC_C_LANGUAGE_STANDARD = c99;
				GCC_WARN_ABOUT_RETURN_TYPE = YES;
				GCC_WARN_UNUSED_VARIABLE = YES;
				OTHER_CFLAGS = "-DNS_BLOCK_ASSERTIONS=1";
				PREBINDING = NO;
				SDKROOT = iphoneos4.0;
			};
			name = Release;
		};
/* End XCBuildConfiguration section */

/* Begin XCConfigurationList section */
		1D6058960D05DD3E006BFB54 /* Build configuration list for PBXNativeTarget "gles1" */ = {
			isa = XCConfigurationList;
			buildConfigurations = (
				1D6058940D05DD3E006BFB54 /* Debug */,
				1D6058950D05DD3E006BFB54 /* Release */,
			);
			defaultConfigurationIsVisible = 0;
			defaultConfigurationName = Release;
		};
		C01FCF4E08A954540054247B /* Build configuration list for PBXProject "gles1" */ = {
			isa = XCConfigurationList;
			buildConfigurations = (
				C01FCF4F08A954540054247B /* Debug */,
				C01FCF5008A954540054247B /* Release */,
			);
			defaultConfigurationIsVisible = 0;
			defaultConfigurationName = Release;
		};
/* End XCConfigurationList section */
	};
	rootObject = 29B97313FDCFA39411CA2CEA /* Project object */;
}
